// !$*UTF8*$!
{
	archiveVersion = 1;
	classes = {
	};
	objectVersion = 50;
	objects = {

/* Begin PBXBuildFile section */
		54FEE2F418BF7984A5D85679 /* Pods_gameOfChats.framework in Frameworks */ = {isa = PBXBuildFile; fileRef = 45A4B870E48242FC31D5A459 /* Pods_gameOfChats.framework */; };
		D9266AC32119B4FE00D85F90 /* GoogleService-Info.plist in Resources */ = {isa = PBXBuildFile; fileRef = D9266AC22119B4FD00D85F90 /* GoogleService-Info.plist */; };
		D9325AAA213AC0FE00463F44 /* NewMessageController.swift in Sources */ = {isa = PBXBuildFile; fileRef = D9325AA9213AC0FE00463F44 /* NewMessageController.swift */; };
		D9325AAD213ADD1A00463F44 /* User.swift in Sources */ = {isa = PBXBuildFile; fileRef = D9325AAC213ADD1A00463F44 /* User.swift */; };
		D93BFC86210C5D9900380321 /* AppDelegate.swift in Sources */ = {isa = PBXBuildFile; fileRef = D93BFC85210C5D9900380321 /* AppDelegate.swift */; };
		D93BFC88210C5D9900380321 /* MessagesController.swift in Sources */ = {isa = PBXBuildFile; fileRef = D93BFC87210C5D9900380321 /* MessagesController.swift */; };
		D93BFC8B210C5D9900380321 /* Main.storyboard in Resources */ = {isa = PBXBuildFile; fileRef = D93BFC89210C5D9900380321 /* Main.storyboard */; };
		D93BFC8D210C5D9A00380321 /* Assets.xcassets in Resources */ = {isa = PBXBuildFile; fileRef = D93BFC8C210C5D9A00380321 /* Assets.xcassets */; };
		D93BFC90210C5D9A00380321 /* LaunchScreen.storyboard in Resources */ = {isa = PBXBuildFile; fileRef = D93BFC8E210C5D9A00380321 /* LaunchScreen.storyboard */; };
		D93BFC99210C628600380321 /* LoginController.swift in Sources */ = {isa = PBXBuildFile; fileRef = D93BFC98210C628600380321 /* LoginController.swift */; };
/* End PBXBuildFile section */

/* Begin PBXFileReference section */
		45A4B870E48242FC31D5A459 /* Pods_gameOfChats.framework */ = {isa = PBXFileReference; explicitFileType = wrapper.framework; includeInIndex = 0; path = Pods_gameOfChats.framework; sourceTree = BUILT_PRODUCTS_DIR; };
		D9266AC22119B4FD00D85F90 /* GoogleService-Info.plist */ = {isa = PBXFileReference; fileEncoding = 4; lastKnownFileType = text.plist.xml; path = "GoogleService-Info.plist"; sourceTree = "<group>"; };
		D9325AA9213AC0FE00463F44 /* NewMessageController.swift */ = {isa = PBXFileReference; lastKnownFileType = sourcecode.swift; path = NewMessageController.swift; sourceTree = "<group>"; };
		D9325AAC213ADD1A00463F44 /* User.swift */ = {isa = PBXFileReference; lastKnownFileType = sourcecode.swift; path = User.swift; sourceTree = "<group>"; };
		D93BFC82210C5D9900380321 /* gameOfChats.app */ = {isa = PBXFileReference; explicitFileType = wrapper.application; includeInIndex = 0; path = gameOfChats.app; sourceTree = BUILT_PRODUCTS_DIR; };
		D93BFC85210C5D9900380321 /* AppDelegate.swift */ = {isa = PBXFileReference; lastKnownFileType = sourcecode.swift; path = AppDelegate.swift; sourceTree = "<group>"; };
		D93BFC87210C5D9900380321 /* MessagesController.swift */ = {isa = PBXFileReference; lastKnownFileType = sourcecode.swift; path = MessagesController.swift; sourceTree = "<group>"; };
		D93BFC8A210C5D9900380321 /* Base */ = {isa = PBXFileReference; lastKnownFileType = file.storyboard; name = Base; path = Base.lproj/Main.storyboard; sourceTree = "<group>"; };
		D93BFC8C210C5D9A00380321 /* Assets.xcassets */ = {isa = PBXFileReference; lastKnownFileType = folder.assetcatalog; path = Assets.xcassets; sourceTree = "<group>"; };
		D93BFC8F210C5D9A00380321 /* Base */ = {isa = PBXFileReference; lastKnownFileType = file.storyboard; name = Base; path = Base.lproj/LaunchScreen.storyboard; sourceTree = "<group>"; };
		D93BFC91210C5D9A00380321 /* Info.plist */ = {isa = PBXFileReference; lastKnownFileType = text.plist.xml; path = Info.plist; sourceTree = "<group>"; };
		D93BFC98210C628600380321 /* LoginController.swift */ = {isa = PBXFileReference; lastKnownFileType = sourcecode.swift; path = LoginController.swift; sourceTree = "<group>"; };
		F0600488A75E26F49EDF312A /* Pods-gameOfChats.release.xcconfig */ = {isa = PBXFileReference; includeInIndex = 1; lastKnownFileType = text.xcconfig; name = "Pods-gameOfChats.release.xcconfig"; path = "Pods/Target Support Files/Pods-gameOfChats/Pods-gameOfChats.release.xcconfig"; sourceTree = "<group>"; };
		F5EE9AE25807ED1C8C593E28 /* Pods-gameOfChats.debug.xcconfig */ = {isa = PBXFileReference; includeInIndex = 1; lastKnownFileType = text.xcconfig; name = "Pods-gameOfChats.debug.xcconfig"; path = "Pods/Target Support Files/Pods-gameOfChats/Pods-gameOfChats.debug.xcconfig"; sourceTree = "<group>"; };
/* End PBXFileReference section */

/* Begin PBXFrameworksBuildPhase section */
		D93BFC7F210C5D9900380321 /* Frameworks */ = {
			isa = PBXFrameworksBuildPhase;
			buildActionMask = 2147483647;
			files = (
				54FEE2F418BF7984A5D85679 /* Pods_gameOfChats.framework in Frameworks */,
			);
			runOnlyForDeploymentPostprocessing = 0;
		};
/* End PBXFrameworksBuildPhase section */

/* Begin PBXGroup section */
		6434B48FA28FB7B53354C176 /* Frameworks */ = {
			isa = PBXGroup;
			children = (
				45A4B870E48242FC31D5A459 /* Pods_gameOfChats.framework */,
			);
			name = Frameworks;
			sourceTree = "<group>";
		};
		8D3EA9BA76674D8DD130CEA9 /* Pods */ = {
			isa = PBXGroup;
			children = (
				F5EE9AE25807ED1C8C593E28 /* Pods-gameOfChats.debug.xcconfig */,
				F0600488A75E26F49EDF312A /* Pods-gameOfChats.release.xcconfig */,
			);
			name = Pods;
			sourceTree = "<group>";
		};
		D9325AAB213ADCED00463F44 /* Model */ = {
			isa = PBXGroup;
			children = (
				D9325AAC213ADD1A00463F44 /* User.swift */,
			);
			path = Model;
			sourceTree = "<group>";
		};
		D93BFC79210C5D9900380321 = {
			isa = PBXGroup;
			children = (
				D93BFC84210C5D9900380321 /* gameOfChats */,
				D93BFC83210C5D9900380321 /* Products */,
				8D3EA9BA76674D8DD130CEA9 /* Pods */,
				6434B48FA28FB7B53354C176 /* Frameworks */,
			);
			sourceTree = "<group>";
		};
		D93BFC83210C5D9900380321 /* Products */ = {
			isa = PBXGroup;
			children = (
				D93BFC82210C5D9900380321 /* gameOfChats.app */,
			);
			name = Products;
			sourceTree = "<group>";
		};
		D93BFC84210C5D9900380321 /* gameOfChats */ = {
			isa = PBXGroup;
			children = (
				D9325AAB213ADCED00463F44 /* Model */,
				D93BFC97210C623E00380321 /* Controller */,
				D93BFC85210C5D9900380321 /* AppDelegate.swift */,
				D93BFC89210C5D9900380321 /* Main.storyboard */,
				D93BFC8C210C5D9A00380321 /* Assets.xcassets */,
				D93BFC8E210C5D9A00380321 /* LaunchScreen.storyboard */,
				D93BFC91210C5D9A00380321 /* Info.plist */,
				D9266AC22119B4FD00D85F90 /* GoogleService-Info.plist */,
			);
			path = gameOfChats;
			sourceTree = "<group>";
		};
		D93BFC97210C623E00380321 /* Controller */ = {
			isa = PBXGroup;
			children = (
				D93BFC98210C628600380321 /* LoginController.swift */,
				D93BFC87210C5D9900380321 /* MessagesController.swift */,
				D9325AA9213AC0FE00463F44 /* NewMessageController.swift */,
			);
			path = Controller;
			sourceTree = "<group>";
		};
/* End PBXGroup section */

/* Begin PBXNativeTarget section */
		D93BFC81210C5D9900380321 /* gameOfChats */ = {
			isa = PBXNativeTarget;
			buildConfigurationList = D93BFC94210C5D9A00380321 /* Build configuration list for PBXNativeTarget "gameOfChats" */;
			buildPhases = (
				2AAF0C0598F37469D3ABB498 /* [CP] Check Pods Manifest.lock */,
				D93BFC7E210C5D9900380321 /* Sources */,
				D93BFC7F210C5D9900380321 /* Frameworks */,
				D93BFC80210C5D9900380321 /* Resources */,
				F417C47F2C932E6F1894176C /* [CP] Embed Pods Frameworks */,
			);
			buildRules = (
			);
			dependencies = (
			);
			name = gameOfChats;
			productName = gameOfChats;
			productReference = D93BFC82210C5D9900380321 /* gameOfChats.app */;
			productType = "com.apple.product-type.application";
		};
/* End PBXNativeTarget section */

/* Begin PBXProject section */
		D93BFC7A210C5D9900380321 /* Project object */ = {
			isa = PBXProject;
			attributes = {
				LastSwiftUpdateCheck = 0940;
				LastUpgradeCheck = 0940;
				ORGANIZATIONNAME = Baur;
				TargetAttributes = {
					D93BFC81210C5D9900380321 = {
						CreatedOnToolsVersion = 9.4.1;
					};
				};
			};
			buildConfigurationList = D93BFC7D210C5D9900380321 /* Build configuration list for PBXProject "gameOfChats" */;
			compatibilityVersion = "Xcode 9.3";
			developmentRegion = en;
			hasScannedForEncodings = 0;
			knownRegions = (
				en,
				Base,
			);
			mainGroup = D93BFC79210C5D9900380321;
			productRefGroup = D93BFC83210C5D9900380321 /* Products */;
			projectDirPath = "";
			projectRoot = "";
			targets = (
				D93BFC81210C5D9900380321 /* gameOfChats */,
			);
		};
/* End PBXProject section */

/* Begin PBXResourcesBuildPhase section */
		D93BFC80210C5D9900380321 /* Resources */ = {
			isa = PBXResourcesBuildPhase;
			buildActionMask = 2147483647;
			files = (
				D93BFC90210C5D9A00380321 /* LaunchScreen.storyboard in Resources */,
				D9266AC32119B4FE00D85F90 /* GoogleService-Info.plist in Resources */,
				D93BFC8D210C5D9A00380321 /* Assets.xcassets in Resources */,
				D93BFC8B210C5D9900380321 /* Main.storyboard in Resources */,
			);
			runOnlyForDeploymentPostprocessing = 0;
		};
/* End PBXResourcesBuildPhase section */

/* Begin PBXShellScriptBuildPhase section */
		2AAF0C0598F37469D3ABB498 /* [CP] Check Pods Manifest.lock */ = {
			isa = PBXShellScriptBuildPhase;
			buildActionMask = 2147483647;
			files = (
			);
			inputPaths = (
				"${PODS_PODFILE_DIR_PATH}/Podfile.lock",
				"${PODS_ROOT}/Manifest.lock",
			);
			name = "[CP] Check Pods Manifest.lock";
			outputPaths = (
				"$(DERIVED_FILE_DIR)/Pods-gameOfChats-checkManifestLockResult.txt",
			);
			runOnlyForDeploymentPostprocessing = 0;
			shellPath = /bin/sh;
			shellScript = "diff \"${PODS_PODFILE_DIR_PATH}/Podfile.lock\" \"${PODS_ROOT}/Manifest.lock\" > /dev/null\nif [ $? != 0 ] ; then\n    # print error to STDERR\n    echo \"error: The sandbox is not in sync with the Podfile.lock. Run 'pod install' or update your CocoaPods installation.\" >&2\n    exit 1\nfi\n# This output is used by Xcode 'outputs' to avoid re-running this script phase.\necho \"SUCCESS\" > \"${SCRIPT_OUTPUT_FILE_0}\"\n";
			showEnvVarsInLog = 0;
		};
		F417C47F2C932E6F1894176C /* [CP] Embed Pods Frameworks */ = {
			isa = PBXShellScriptBuildPhase;
			buildActionMask = 2147483647;
			files = (
			);
			inputPaths = (
				"${SRCROOT}/Pods/Target Support Files/Pods-gameOfChats/Pods-gameOfChats-frameworks.sh",
				"${BUILT_PRODUCTS_DIR}/GTMSessionFetcher/GTMSessionFetcher.framework",
				"${BUILT_PRODUCTS_DIR}/GoogleToolboxForMac/GoogleToolboxForMac.framework",
			);
			name = "[CP] Embed Pods Frameworks";
			outputPaths = (
				"${TARGET_BUILD_DIR}/${FRAMEWORKS_FOLDER_PATH}/GTMSessionFetcher.framework",
				"${TARGET_BUILD_DIR}/${FRAMEWORKS_FOLDER_PATH}/GoogleToolboxForMac.framework",
			);
			runOnlyForDeploymentPostprocessing = 0;
			shellPath = /bin/sh;
			shellScript = "\"${SRCROOT}/Pods/Target Support Files/Pods-gameOfChats/Pods-gameOfChats-frameworks.sh\"\n";
			showEnvVarsInLog = 0;
		};
/* End PBXShellScriptBuildPhase section */

/* Begin PBXSourcesBuildPhase section */
		D93BFC7E210C5D9900380321 /* Sources */ = {
			isa = PBXSourcesBuildPhase;
			buildActionMask = 2147483647;
			files = (
				D9325AAA213AC0FE00463F44 /* NewMessageController.swift in Sources */,
				D93BFC88210C5D9900380321 /* MessagesController.swift in Sources */,
				D93BFC99210C628600380321 /* LoginController.swift in Sources */,
				D9325AAD213ADD1A00463F44 /* User.swift in Sources */,
				D93BFC86210C5D9900380321 /* AppDelegate.swift in Sources */,
			);
			runOnlyForDeploymentPostprocessing = 0;
		};
/* End PBXSourcesBuildPhase section */

/* Begin PBXVariantGroup section */
		D93BFC89210C5D9900380321 /* Main.storyboard */ = {
			isa = PBXVariantGroup;
			children = (
				D93BFC8A210C5D9900380321 /* Base */,
			);
			name = Main.storyboard;
			sourceTree = "<group>";
		};
		D93BFC8E210C5D9A00380321 /* LaunchScreen.storyboard */ = {
			isa = PBXVariantGroup;
			children = (
				D93BFC8F210C5D9A00380321 /* Base */,
			);
			name = LaunchScreen.storyboard;
			sourceTree = "<group>";
		};
/* End PBXVariantGroup section */

/* Begin XCBuildConfiguration section */
		D93BFC92210C5D9A00380321 /* Debug */ = {
			isa = XCBuildConfiguration;
			buildSettings = {
				ALWAYS_SEARCH_USER_PATHS = NO;
				CLANG_ANALYZER_NONNULL = YES;
				CLANG_ANALYZER_NUMBER_OBJECT_CONVERSION = YES_AGGRESSIVE;
				CLANG_CXX_LANGUAGE_STANDARD = "gnu++14";
				CLANG_CXX_LIBRARY = "libc++";
				CLANG_ENABLE_MODULES = YES;
				CLANG_ENABLE_OBJC_ARC = YES;
				CLANG_ENABLE_OBJC_WEAK = YES;
				CLANG_WARN_BLOCK_CAPTURE_AUTORELEASING = YES;
				CLANG_WARN_BOOL_CONVERSION = YES;
				CLANG_WARN_COMMA = YES;
				CLANG_WARN_CONSTANT_CONVERSION = YES;
				CLANG_WARN_DEPRECATED_OBJC_IMPLEMENTATIONS = YES;
				CLANG_WARN_DIRECT_OBJC_ISA_USAGE = YES_ERROR;
				CLANG_WARN_DOCUMENTATION_COMMENTS = YES;
				CLANG_WARN_EMPTY_BODY = YES;
				CLANG_WARN_ENUM_CONVERSION = YES;
				CLANG_WARN_INFINITE_RECURSION = YES;
				CLANG_WARN_INT_CONVERSION = YES;
				CLANG_WARN_NON_LITERAL_NULL_CONVERSION = YES;
				CLANG_WARN_OBJC_IMPLICIT_RETAIN_SELF = YES;
				CLANG_WARN_OBJC_LITERAL_CONVERSION = YES;
				CLANG_WARN_OBJC_ROOT_CLASS = YES_ERROR;
				CLANG_WARN_RANGE_LOOP_ANALYSIS = YES;
				CLANG_WARN_STRICT_PROTOTYPES = YES;
				CLANG_WARN_SUSPICIOUS_MOVE = YES;
				CLANG_WARN_UNGUARDED_AVAILABILITY = YES_AGGRESSIVE;
				CLANG_WARN_UNREACHABLE_CODE = YES;
				CLANG_WARN__DUPLICATE_METHOD_MATCH = YES;
				CODE_SIGN_IDENTITY = "iPhone Developer";
				COPY_PHASE_STRIP = NO;
				DEBUG_INFORMATION_FORMAT = dwarf;
				ENABLE_STRICT_OBJC_MSGSEND = YES;
				ENABLE_TESTABILITY = YES;
				GCC_C_LANGUAGE_STANDARD = gnu11;
				GCC_DYNAMIC_NO_PIC = NO;
				GCC_NO_COMMON_BLOCKS = YES;
				GCC_OPTIMIZATION_LEVEL = 0;
				GCC_PREPROCESSOR_DEFINITIONS = (
					"DEBUG=1",
					"$(inherited)",
				);
				GCC_WARN_64_TO_32_BIT_CONVERSION = YES;
				GCC_WARN_ABOUT_RETURN_TYPE = YES_ERROR;
				GCC_WARN_UNDECLARED_SELECTOR = YES;
				GCC_WARN_UNINITIALIZED_AUTOS = YES_AGGRESSIVE;
				GCC_WARN_UNUSED_FUNCTION = YES;
				GCC_WARN_UNUSED_VARIABLE = YES;
				IPHONEOS_DEPLOYMENT_TARGET = 11.4;
				MTL_ENABLE_DEBUG_INFO = YES;
				ONLY_ACTIVE_ARCH = YES;
				SDKROOT = iphoneos;
				SWIFT_ACTIVE_COMPILATION_CONDITIONS = DEBUG;
				SWIFT_OPTIMIZATION_LEVEL = "-Onone";
			};
			name = Debug;
		};
		D93BFC93210C5D9A00380321 /* Release */ = {
			isa = XCBuildConfiguration;
			buildSettings = {
				ALWAYS_SEARCH_USER_PATHS = NO;
				CLANG_ANALYZER_NONNULL = YES;
				CLANG_ANALYZER_NUMBER_OBJECT_CONVERSION = YES_AGGRESSIVE;
				CLANG_CXX_LANGUAGE_STANDARD = "gnu++14";
				CLANG_CXX_LIBRARY = "libc++";
				CLANG_ENABLE_MODULES = YES;
				CLANG_ENABLE_OBJC_ARC = YES;
				CLANG_ENABLE_OBJC_WEAK = YES;
				CLANG_WARN_BLOCK_CAPTURE_AUTORELEASING = YES;
				CLANG_WARN_BOOL_CONVERSION = YES;
				CLANG_WARN_COMMA = YES;
				CLANG_WARN_CONSTANT_CONVERSION = YES;
				CLANG_WARN_DEPRECATED_OBJC_IMPLEMENTATIONS = YES;
				CLANG_WARN_DIRECT_OBJC_ISA_USAGE = YES_ERROR;
				CLANG_WARN_DOCUMENTATION_COMMENTS = YES;
				CLANG_WARN_EMPTY_BODY = YES;
				CLANG_WARN_ENUM_CONVERSION = YES;
				CLANG_WARN_INFINITE_RECURSION = YES;
				CLANG_WARN_INT_CONVERSION = YES;
				CLANG_WARN_NON_LITERAL_NULL_CONVERSION = YES;
				CLANG_WARN_OBJC_IMPLICIT_RETAIN_SELF = YES;
				CLANG_WARN_OBJC_LITERAL_CONVERSION = YES;
				CLANG_WARN_OBJC_ROOT_CLASS = YES_ERROR;
				CLANG_WARN_RANGE_LOOP_ANALYSIS = YES;
				CLANG_WARN_STRICT_PROTOTYPES = YES;
				CLANG_WARN_SUSPICIOUS_MOVE = YES;
				CLANG_WARN_UNGUARDED_AVAILABILITY = YES_AGGRESSIVE;
				CLANG_WARN_UNREACHABLE_CODE = YES;
				CLANG_WARN__DUPLICATE_METHOD_MATCH = YES;
				CODE_SIGN_IDENTITY = "iPhone Developer";
				COPY_PHASE_STRIP = NO;
				DEBUG_INFORMATION_FORMAT = "dwarf-with-dsym";
				ENABLE_NS_ASSERTIONS = NO;
				ENABLE_STRICT_OBJC_MSGSEND = YES;
				GCC_C_LANGUAGE_STANDARD = gnu11;
				GCC_NO_COMMON_BLOCKS = YES;
				GCC_WARN_64_TO_32_BIT_CONVERSION = YES;
				GCC_WARN_ABOUT_RETURN_TYPE = YES_ERROR;
				GCC_WARN_UNDECLARED_SELECTOR = YES;
				GCC_WARN_UNINITIALIZED_AUTOS = YES_AGGRESSIVE;
				GCC_WARN_UNUSED_FUNCTION = YES;
				GCC_WARN_UNUSED_VARIABLE = YES;
				IPHONEOS_DEPLOYMENT_TARGET = 11.4;
				MTL_ENABLE_DEBUG_INFO = NO;
				SDKROOT = iphoneos;
				SWIFT_COMPILATION_MODE = wholemodule;
				SWIFT_OPTIMIZATION_LEVEL = "-O";
				VALIDATE_PRODUCT = YES;
			};
			name = Release;
		};
		D93BFC95210C5D9A00380321 /* Debug */ = {
			isa = XCBuildConfiguration;
			baseConfigurationReference = F5EE9AE25807ED1C8C593E28 /* Pods-gameOfChats.debug.xcconfig */;
			buildSettings = {
				ASSETCATALOG_COMPILER_APPICON_NAME = AppIcon;
				CODE_SIGN_STYLE = Automatic;
				INFOPLIST_FILE = gameOfChats/Info.plist;
				LD_RUNPATH_SEARCH_PATHS = (
					"$(inherited)",
					"@executable_path/Frameworks",
				);
				PRODUCT_BUNDLE_IDENTIFIER = kz.boulder.gameOfChats;
				PRODUCT_NAME = "$(TARGET_NAME)";
				SWIFT_VERSION = 4.0;
				TARGETED_DEVICE_FAMILY = "1,2";
			};
			name = Debug;
		};
		D93BFC96210C5D9A00380321 /* Release */ = {
			isa = XCBuildConfiguration;
			baseConfigurationReference = F0600488A75E26F49EDF312A /* Pods-gameOfChats.release.xcconfig */;
			buildSettings = {
				ASSETCATALOG_COMPILER_APPICON_NAME = AppIcon;
				CODE_SIGN_STYLE = Automatic;
				INFOPLIST_FILE = gameOfChats/Info.plist;
				LD_RUNPATH_SEARCH_PATHS = (
					"$(inherited)",
					"@executable_path/Frameworks",
				);
				PRODUCT_BUNDLE_IDENTIFIER = kz.boulder.gameOfChats;
				PRODUCT_NAME = "$(TARGET_NAME)";
				SWIFT_VERSION = 4.0;
				TARGETED_DEVICE_FAMILY = "1,2";
			};
			name = Release;
		};
/* End XCBuildConfiguration section */

/* Begin XCConfigurationList section */
		D93BFC7D210C5D9900380321 /* Build configuration list for PBXProject "gameOfChats" */ = {
			isa = XCConfigurationList;
			buildConfigurations = (
				D93BFC92210C5D9A00380321 /* Debug */,
				D93BFC93210C5D9A00380321 /* Release */,
			);
			defaultConfigurationIsVisible = 0;
			defaultConfigurationName = Release;
		};
		D93BFC94210C5D9A00380321 /* Build configuration list for PBXNativeTarget "gameOfChats" */ = {
			isa = XCConfigurationList;
			buildConfigurations = (
				D93BFC95210C5D9A00380321 /* Debug */,
				D93BFC96210C5D9A00380321 /* Release */,
			);
			defaultConfigurationIsVisible = 0;
			defaultConfigurationName = Release;
		};
/* End XCConfigurationList section */
	};
	rootObject = D93BFC7A210C5D9900380321 /* Project object */;
}
